hash: b2711a7e432049eb3a7c54a975ba24f3aa9489e08019ec51978b41966ba20f3a
updated: 2017-04-15T14:08:46.781096088+02:00
imports:
- name: github.com/graphql-go/graphql
  version: e13376c2344b5694a62b7cf6cd8b543c813cd5ee
  subpackages:
  - gqlerrors
  - language/ast
  - language/kinds
  - language/lexer
  - language/location
  - language/parser
  - language/printer
  - language/source
  - language/typeInfo
  - language/visitor
- name: github.com/graphql-go/handler
  version: 07e3dd439c1f4ec14e685af7c48e8863bcc42c9d
- name: github.com/lib/pq
  version: 2704adc878c21e1329f46f6e56a1c387d788ff94
  subpackages:
  - oid
- name: github.com/mattes/migrate
  version: 4cfc0444892a8cfb1978c54eda5584d52650b019
- name: golang.org/x/net
  version: 8fd7f25955530b92e73e9e1932a41b522b22ccd9
  subpackages:
  - context
testImports: []
