hash: 96ba2e5d2b4f57cc8747b4cae28722e989a4025a4ee17347d88fd2ec475d9209
updated: 2017-04-17T20:32:34.602368787+02:00
imports:
- name: github.com/base-dev/relay
  version: 00e3a4622359c4642d130e8648583d8055deb1d1
- name: github.com/graphql-go/graphql
  version: e13376c2344b5694a62b7cf6cd8b543c813cd5ee
  subpackages:
  - gqlerrors
  - language/ast
  - language/kinds
  - language/lexer
  - language/location
  - language/parser
  - language/printer
  - language/source
  - language/typeInfo
  - language/visitor
- name: github.com/graphql-go/handler
  version: 07e3dd439c1f4ec14e685af7c48e8863bcc42c9d
- name: github.com/lib/pq
  version: 2704adc878c21e1329f46f6e56a1c387d788ff94
  subpackages:
  - oid
- name: github.com/mattes/migrate
  version: ce1b59bb819416ca67422929b1cb48bb342720b6
- name: golang.org/x/net
  version: 8fd7f25955530b92e73e9e1932a41b522b22ccd9
  subpackages:
  - context
testImports: []
